// !$*UTF8*$!
{
	archiveVersion = 1;
	classes = {
	};
	objectVersion = 50;
	objects = {

/* Begin PBXBuildFile section */
		63F67C30255B7DDE00AA2A61 /* AppDelegate.swift in Sources */ = {isa = PBXBuildFile; fileRef = 63F67C2F255B7DDE00AA2A61 /* AppDelegate.swift */; };
		63F67C32255B7DE100AA2A61 /* Assets.xcassets in Resources */ = {isa = PBXBuildFile; fileRef = 63F67C31255B7DE100AA2A61 /* Assets.xcassets */; };
		63F67C35255B7DE100AA2A61 /* MainMenu.xib in Resources */ = {isa = PBXBuildFile; fileRef = 63F67C33255B7DE100AA2A61 /* MainMenu.xib */; };
		63F67C41255B7DE100AA2A61 /* ProgrammaticSourceListExampleTests.swift in Sources */ = {isa = PBXBuildFile; fileRef = 63F67C40255B7DE100AA2A61 /* ProgrammaticSourceListExampleTests.swift */; };
		63F67C4C255B7DE100AA2A61 /* ProgrammaticSourceListExampleUITests.swift in Sources */ = {isa = PBXBuildFile; fileRef = 63F67C4B255B7DE100AA2A61 /* ProgrammaticSourceListExampleUITests.swift */; };
/* End PBXBuildFile section */

/* Begin PBXContainerItemProxy section */
		63F67C3D255B7DE100AA2A61 /* PBXContainerItemProxy */ = {
			isa = PBXContainerItemProxy;
			containerPortal = 63F67C24255B7DDE00AA2A61 /* Project object */;
			proxyType = 1;
			remoteGlobalIDString = 63F67C2B255B7DDE00AA2A61;
			remoteInfo = ProgrammaticSourceListExample;
		};
		63F67C48255B7DE100AA2A61 /* PBXContainerItemProxy */ = {
			isa = PBXContainerItemProxy;
			containerPortal = 63F67C24255B7DDE00AA2A61 /* Project object */;
			proxyType = 1;
			remoteGlobalIDString = 63F67C2B255B7DDE00AA2A61;
			remoteInfo = ProgrammaticSourceListExample;
		};
/* End PBXContainerItemProxy section */

/* Begin PBXFileReference section */
		63F67C2C255B7DDE00AA2A61 /* ProgrammaticSourceListExample.app */ = {isa = PBXFileReference; explicitFileType = wrapper.application; includeInIndex = 0; path = ProgrammaticSourceListExample.app; sourceTree = BUILT_PRODUCTS_DIR; };
		63F67C2F255B7DDE00AA2A61 /* AppDelegate.swift */ = {isa = PBXFileReference; lastKnownFileType = sourcecode.swift; path = AppDelegate.swift; sourceTree = "<group>"; };
		63F67C31255B7DE100AA2A61 /* Assets.xcassets */ = {isa = PBXFileReference; lastKnownFileType = folder.assetcatalog; path = Assets.xcassets; sourceTree = "<group>"; };
		63F67C34255B7DE100AA2A61 /* Base */ = {isa = PBXFileReference; lastKnownFileType = file.xib; name = Base; path = Base.lproj/MainMenu.xib; sourceTree = "<group>"; };
		63F67C36255B7DE100AA2A61 /* Info.plist */ = {isa = PBXFileReference; lastKnownFileType = text.plist.xml; path = Info.plist; sourceTree = "<group>"; };
		63F67C37255B7DE100AA2A61 /* ProgrammaticSourceListExample.entitlements */ = {isa = PBXFileReference; lastKnownFileType = text.plist.entitlements; path = ProgrammaticSourceListExample.entitlements; sourceTree = "<group>"; };
		63F67C3C255B7DE100AA2A61 /* ProgrammaticSourceListExampleTests.xctest */ = {isa = PBXFileReference; explicitFileType = wrapper.cfbundle; includeInIndex = 0; path = ProgrammaticSourceListExampleTests.xctest; sourceTree = BUILT_PRODUCTS_DIR; };
		63F67C40255B7DE100AA2A61 /* ProgrammaticSourceListExampleTests.swift */ = {isa = PBXFileReference; lastKnownFileType = sourcecode.swift; path = ProgrammaticSourceListExampleTests.swift; sourceTree = "<group>"; };
		63F67C42255B7DE100AA2A61 /* Info.plist */ = {isa = PBXFileReference; lastKnownFileType = text.plist.xml; path = Info.plist; sourceTree = "<group>"; };
		63F67C47255B7DE100AA2A61 /* ProgrammaticSourceListExampleUITests.xctest */ = {isa = PBXFileReference; explicitFileType = wrapper.cfbundle; includeInIndex = 0; path = ProgrammaticSourceListExampleUITests.xctest; sourceTree = BUILT_PRODUCTS_DIR; };
		63F67C4B255B7DE100AA2A61 /* ProgrammaticSourceListExampleUITests.swift */ = {isa = PBXFileReference; lastKnownFileType = sourcecode.swift; path = ProgrammaticSourceListExampleUITests.swift; sourceTree = "<group>"; };
		63F67C4D255B7DE100AA2A61 /* Info.plist */ = {isa = PBXFileReference; lastKnownFileType = text.plist.xml; path = Info.plist; sourceTree = "<group>"; };
/* End PBXFileReference section */

/* Begin PBXFrameworksBuildPhase section */
		63F67C29255B7DDE00AA2A61 /* Frameworks */ = {
			isa = PBXFrameworksBuildPhase;
			buildActionMask = 2147483647;
			files = (
			);
			runOnlyForDeploymentPostprocessing = 0;
		};
		63F67C39255B7DE100AA2A61 /* Frameworks */ = {
			isa = PBXFrameworksBuildPhase;
			buildActionMask = 2147483647;
			files = (
			);
			runOnlyForDeploymentPostprocessing = 0;
		};
		63F67C44255B7DE100AA2A61 /* Frameworks */ = {
			isa = PBXFrameworksBuildPhase;
			buildActionMask = 2147483647;
			files = (
			);
			runOnlyForDeploymentPostprocessing = 0;
		};
/* End PBXFrameworksBuildPhase section */

/* Begin PBXGroup section */
		63F67C23255B7DDE00AA2A61 = {
			isa = PBXGroup;
			children = (
				63F67C2E255B7DDE00AA2A61 /* ProgrammaticSourceListExample */,
				63F67C3F255B7DE100AA2A61 /* ProgrammaticSourceListExampleTests */,
				63F67C4A255B7DE100AA2A61 /* ProgrammaticSourceListExampleUITests */,
				63F67C2D255B7DDE00AA2A61 /* Products */,
			);
			sourceTree = "<group>";
		};
		63F67C2D255B7DDE00AA2A61 /* Products */ = {
			isa = PBXGroup;
			children = (
				63F67C2C255B7DDE00AA2A61 /* ProgrammaticSourceListExample.app */,
				63F67C3C255B7DE100AA2A61 /* ProgrammaticSourceListExampleTests.xctest */,
				63F67C47255B7DE100AA2A61 /* ProgrammaticSourceListExampleUITests.xctest */,
			);
			name = Products;
			sourceTree = "<group>";
		};
		63F67C2E255B7DDE00AA2A61 /* ProgrammaticSourceListExample */ = {
			isa = PBXGroup;
			children = (
				63F67C2F255B7DDE00AA2A61 /* AppDelegate.swift */,
				63F67C31255B7DE100AA2A61 /* Assets.xcassets */,
				63F67C33255B7DE100AA2A61 /* MainMenu.xib */,
				63F67C36255B7DE100AA2A61 /* Info.plist */,
				63F67C37255B7DE100AA2A61 /* ProgrammaticSourceListExample.entitlements */,
			);
			path = ProgrammaticSourceListExample;
			sourceTree = "<group>";
		};
		63F67C3F255B7DE100AA2A61 /* ProgrammaticSourceListExampleTests */ = {
			isa = PBXGroup;
			children = (
				63F67C40255B7DE100AA2A61 /* ProgrammaticSourceListExampleTests.swift */,
				63F67C42255B7DE100AA2A61 /* Info.plist */,
			);
			path = ProgrammaticSourceListExampleTests;
			sourceTree = "<group>";
		};
		63F67C4A255B7DE100AA2A61 /* ProgrammaticSourceListExampleUITests */ = {
			isa = PBXGroup;
			children = (
				63F67C4B255B7DE100AA2A61 /* ProgrammaticSourceListExampleUITests.swift */,
				63F67C4D255B7DE100AA2A61 /* Info.plist */,
			);
			path = ProgrammaticSourceListExampleUITests;
			sourceTree = "<group>";
		};
/* End PBXGroup section */

/* Begin PBXNativeTarget section */
		63F67C2B255B7DDE00AA2A61 /* ProgrammaticSourceListExample */ = {
			isa = PBXNativeTarget;
			buildConfigurationList = 63F67C50255B7DE100AA2A61 /* Build configuration list for PBXNativeTarget "ProgrammaticSourceListExample" */;
			buildPhases = (
				63F67C28255B7DDE00AA2A61 /* Sources */,
				63F67C29255B7DDE00AA2A61 /* Frameworks */,
				63F67C2A255B7DDE00AA2A61 /* Resources */,
			);
			buildRules = (
			);
			dependencies = (
			);
			name = ProgrammaticSourceListExample;
			productName = ProgrammaticSourceListExample;
			productReference = 63F67C2C255B7DDE00AA2A61 /* ProgrammaticSourceListExample.app */;
			productType = "com.apple.product-type.application";
		};
		63F67C3B255B7DE100AA2A61 /* ProgrammaticSourceListExampleTests */ = {
			isa = PBXNativeTarget;
			buildConfigurationList = 63F67C53255B7DE100AA2A61 /* Build configuration list for PBXNativeTarget "ProgrammaticSourceListExampleTests" */;
			buildPhases = (
				63F67C38255B7DE100AA2A61 /* Sources */,
				63F67C39255B7DE100AA2A61 /* Frameworks */,
				63F67C3A255B7DE100AA2A61 /* Resources */,
			);
			buildRules = (
			);
			dependencies = (
				63F67C3E255B7DE100AA2A61 /* PBXTargetDependency */,
			);
			name = ProgrammaticSourceListExampleTests;
			productName = ProgrammaticSourceListExampleTests;
			productReference = 63F67C3C255B7DE100AA2A61 /* ProgrammaticSourceListExampleTests.xctest */;
			productType = "com.apple.product-type.bundle.unit-test";
		};
		63F67C46255B7DE100AA2A61 /* ProgrammaticSourceListExampleUITests */ = {
			isa = PBXNativeTarget;
			buildConfigurationList = 63F67C56255B7DE100AA2A61 /* Build configuration list for PBXNativeTarget "ProgrammaticSourceListExampleUITests" */;
			buildPhases = (
				63F67C43255B7DE100AA2A61 /* Sources */,
				63F67C44255B7DE100AA2A61 /* Frameworks */,
				63F67C45255B7DE100AA2A61 /* Resources */,
			);
			buildRules = (
			);
			dependencies = (
				63F67C49255B7DE100AA2A61 /* PBXTargetDependency */,
			);
			name = ProgrammaticSourceListExampleUITests;
			productName = ProgrammaticSourceListExampleUITests;
			productReference = 63F67C47255B7DE100AA2A61 /* ProgrammaticSourceListExampleUITests.xctest */;
			productType = "com.apple.product-type.bundle.ui-testing";
		};
/* End PBXNativeTarget section */

/* Begin PBXProject section */
		63F67C24255B7DDE00AA2A61 /* Project object */ = {
			isa = PBXProject;
			attributes = {
				LastSwiftUpdateCheck = 1210;
				LastUpgradeCheck = 1210;
				TargetAttributes = {
					63F67C2B255B7DDE00AA2A61 = {
						CreatedOnToolsVersion = 12.1;
					};
					63F67C3B255B7DE100AA2A61 = {
						CreatedOnToolsVersion = 12.1;
						TestTargetID = 63F67C2B255B7DDE00AA2A61;
					};
					63F67C46255B7DE100AA2A61 = {
						CreatedOnToolsVersion = 12.1;
						TestTargetID = 63F67C2B255B7DDE00AA2A61;
					};
				};
			};
			buildConfigurationList = 63F67C27255B7DDE00AA2A61 /* Build configuration list for PBXProject "ProgrammaticSourceListExample" */;
			compatibilityVersion = "Xcode 9.3";
			developmentRegion = en;
			hasScannedForEncodings = 0;
			knownRegions = (
				en,
				Base,
			);
			mainGroup = 63F67C23255B7DDE00AA2A61;
			productRefGroup = 63F67C2D255B7DDE00AA2A61 /* Products */;
			projectDirPath = "";
			projectRoot = "";
			targets = (
				63F67C2B255B7DDE00AA2A61 /* ProgrammaticSourceListExample */,
				63F67C3B255B7DE100AA2A61 /* ProgrammaticSourceListExampleTests */,
				63F67C46255B7DE100AA2A61 /* ProgrammaticSourceListExampleUITests */,
			);
		};
/* End PBXProject section */

/* Begin PBXResourcesBuildPhase section */
		63F67C2A255B7DDE00AA2A61 /* Resources */ = {
			isa = PBXResourcesBuildPhase;
			buildActionMask = 2147483647;
			files = (
				63F67C32255B7DE100AA2A61 /* Assets.xcassets in Resources */,
				63F67C35255B7DE100AA2A61 /* MainMenu.xib in Resources */,
			);
			runOnlyForDeploymentPostprocessing = 0;
		};
		63F67C3A255B7DE100AA2A61 /* Resources */ = {
			isa = PBXResourcesBuildPhase;
			buildActionMask = 2147483647;
			files = (
			);
			runOnlyForDeploymentPostprocessing = 0;
		};
		63F67C45255B7DE100AA2A61 /* Resources */ = {
			isa = PBXResourcesBuildPhase;
			buildActionMask = 2147483647;
			files = (
			);
			runOnlyForDeploymentPostprocessing = 0;
		};
/* End PBXResourcesBuildPhase section */

/* Begin PBXSourcesBuildPhase section */
		63F67C28255B7DDE00AA2A61 /* Sources */ = {
			isa = PBXSourcesBuildPhase;
			buildActionMask = 2147483647;
			files = (
				63F67C30255B7DDE00AA2A61 /* AppDelegate.swift in Sources */,
			);
			runOnlyForDeploymentPostprocessing = 0;
		};
		63F67C38255B7DE100AA2A61 /* Sources */ = {
			isa = PBXSourcesBuildPhase;
			buildActionMask = 2147483647;
			files = (
				63F67C41255B7DE100AA2A61 /* ProgrammaticSourceListExampleTests.swift in Sources */,
			);
			runOnlyForDeploymentPostprocessing = 0;
		};
		63F67C43255B7DE100AA2A61 /* Sources */ = {
			isa = PBXSourcesBuildPhase;
			buildActionMask = 2147483647;
			files = (
				63F67C4C255B7DE100AA2A61 /* ProgrammaticSourceListExampleUITests.swift in Sources */,
			);
			runOnlyForDeploymentPostprocessing = 0;
		};
/* End PBXSourcesBuildPhase section */

/* Begin PBXTargetDependency section */
		63F67C3E255B7DE100AA2A61 /* PBXTargetDependency */ = {
			isa = PBXTargetDependency;
			target = 63F67C2B255B7DDE00AA2A61 /* ProgrammaticSourceListExample */;
			targetProxy = 63F67C3D255B7DE100AA2A61 /* PBXContainerItemProxy */;
		};
		63F67C49255B7DE100AA2A61 /* PBXTargetDependency */ = {
			isa = PBXTargetDependency;
			target = 63F67C2B255B7DDE00AA2A61 /* ProgrammaticSourceListExample */;
			targetProxy = 63F67C48255B7DE100AA2A61 /* PBXContainerItemProxy */;
		};
/* End PBXTargetDependency section */

/* Begin PBXVariantGroup section */
		63F67C33255B7DE100AA2A61 /* MainMenu.xib */ = {
			isa = PBXVariantGroup;
			children = (
				63F67C34255B7DE100AA2A61 /* Base */,
			);
			name = MainMenu.xib;
			sourceTree = "<group>";
		};
/* End PBXVariantGroup section */

/* Begin XCBuildConfiguration section */
		63F67C4E255B7DE100AA2A61 /* Debug */ = {
			isa = XCBuildConfiguration;
			buildSettings = {
				ALWAYS_SEARCH_USER_PATHS = NO;
				CLANG_ANALYZER_NONNULL = YES;
				CLANG_ANALYZER_NUMBER_OBJECT_CONVERSION = YES_AGGRESSIVE;
				CLANG_CXX_LANGUAGE_STANDARD = "gnu++14";
				CLANG_CXX_LIBRARY = "libc++";
				CLANG_ENABLE_MODULES = YES;
				CLANG_ENABLE_OBJC_ARC = YES;
				CLANG_ENABLE_OBJC_WEAK = YES;
				CLANG_WARN_BLOCK_CAPTURE_AUTORELEASING = YES;
				CLANG_WARN_BOOL_CONVERSION = YES;
				CLANG_WARN_COMMA = YES;
				CLANG_WARN_CONSTANT_CONVERSION = YES;
				CLANG_WARN_DEPRECATED_OBJC_IMPLEMENTATIONS = YES;
				CLANG_WARN_DIRECT_OBJC_ISA_USAGE = YES_ERROR;
				CLANG_WARN_DOCUMENTATION_COMMENTS = YES;
				CLANG_WARN_EMPTY_BODY = YES;
				CLANG_WARN_ENUM_CONVERSION = YES;
				CLANG_WARN_INFINITE_RECURSION = YES;
				CLANG_WARN_INT_CONVERSION = YES;
				CLANG_WARN_NON_LITERAL_NULL_CONVERSION = YES;
				CLANG_WARN_OBJC_IMPLICIT_RETAIN_SELF = YES;
				CLANG_WARN_OBJC_LITERAL_CONVERSION = YES;
				CLANG_WARN_OBJC_ROOT_CLASS = YES_ERROR;
				CLANG_WARN_QUOTED_INCLUDE_IN_FRAMEWORK_HEADER = YES;
				CLANG_WARN_RANGE_LOOP_ANALYSIS = YES;
				CLANG_WARN_STRICT_PROTOTYPES = YES;
				CLANG_WARN_SUSPICIOUS_MOVE = YES;
				CLANG_WARN_UNGUARDED_AVAILABILITY = YES_AGGRESSIVE;
				CLANG_WARN_UNREACHABLE_CODE = YES;
				CLANG_WARN__DUPLICATE_METHOD_MATCH = YES;
				COPY_PHASE_STRIP = NO;
				DEBUG_INFORMATION_FORMAT = dwarf;
				ENABLE_STRICT_OBJC_MSGSEND = YES;
				ENABLE_TESTABILITY = YES;
				GCC_C_LANGUAGE_STANDARD = gnu11;
				GCC_DYNAMIC_NO_PIC = NO;
				GCC_NO_COMMON_BLOCKS = YES;
				GCC_OPTIMIZATION_LEVEL = 0;
				GCC_PREPROCESSOR_DEFINITIONS = (
					"DEBUG=1",
					"$(inherited)",
				);
				GCC_WARN_64_TO_32_BIT_CONVERSION = YES;
				GCC_WARN_ABOUT_RETURN_TYPE = YES_ERROR;
				GCC_WARN_UNDECLARED_SELECTOR = YES;
				GCC_WARN_UNINITIALIZED_AUTOS = YES_AGGRESSIVE;
				GCC_WARN_UNUSED_FUNCTION = YES;
				GCC_WARN_UNUSED_VARIABLE = YES;
				MACOSX_DEPLOYMENT_TARGET = 10.15;
				MTL_ENABLE_DEBUG_INFO = INCLUDE_SOURCE;
				MTL_FAST_MATH = YES;
				ONLY_ACTIVE_ARCH = YES;
				SDKROOT = macosx;
				SWIFT_ACTIVE_COMPILATION_CONDITIONS = DEBUG;
				SWIFT_OPTIMIZATION_LEVEL = "-Onone";
			};
			name = Debug;
		};
		63F67C4F255B7DE100AA2A61 /* Release */ = {
			isa = XCBuildConfiguration;
			buildSettings = {
				ALWAYS_SEARCH_USER_PATHS = NO;
				CLANG_ANALYZER_NONNULL = YES;
				CLANG_ANALYZER_NUMBER_OBJECT_CONVERSION = YES_AGGRESSIVE;
				CLANG_CXX_LANGUAGE_STANDARD = "gnu++14";
				CLANG_CXX_LIBRARY = "libc++";
				CLANG_ENABLE_MODULES = YES;
				CLANG_ENABLE_OBJC_ARC = YES;
				CLANG_ENABLE_OBJC_WEAK = YES;
				CLANG_WARN_BLOCK_CAPTURE_AUTORELEASING = YES;
				CLANG_WARN_BOOL_CONVERSION = YES;
				CLANG_WARN_COMMA = YES;
				CLANG_WARN_CONSTANT_CONVERSION = YES;
				CLANG_WARN_DEPRECATED_OBJC_IMPLEMENTATIONS = YES;
				CLANG_WARN_DIRECT_OBJC_ISA_USAGE = YES_ERROR;
				CLANG_WARN_DOCUMENTATION_COMMENTS = YES;
				CLANG_WARN_EMPTY_BODY = YES;
				CLANG_WARN_ENUM_CONVERSION = YES;
				CLANG_WARN_INFINITE_RECURSION = YES;
				CLANG_WARN_INT_CONVERSION = YES;
				CLANG_WARN_NON_LITERAL_NULL_CONVERSION = YES;
				CLANG_WARN_OBJC_IMPLICIT_RETAIN_SELF = YES;
				CLANG_WARN_OBJC_LITERAL_CONVERSION = YES;
				CLANG_WARN_OBJC_ROOT_CLASS = YES_ERROR;
				CLANG_WARN_QUOTED_INCLUDE_IN_FRAMEWORK_HEADER = YES;
				CLANG_WARN_RANGE_LOOP_ANALYSIS = YES;
				CLANG_WARN_STRICT_PROTOTYPES = YES;
				CLANG_WARN_SUSPICIOUS_MOVE = YES;
				CLANG_WARN_UNGUARDED_AVAILABILITY = YES_AGGRESSIVE;
				CLANG_WARN_UNREACHABLE_CODE = YES;
				CLANG_WARN__DUPLICATE_METHOD_MATCH = YES;
				COPY_PHASE_STRIP = NO;
				DEBUG_INFORMATION_FORMAT = "dwarf-with-dsym";
				ENABLE_NS_ASSERTIONS = NO;
				ENABLE_STRICT_OBJC_MSGSEND = YES;
				GCC_C_LANGUAGE_STANDARD = gnu11;
				GCC_NO_COMMON_BLOCKS = YES;
				GCC_WARN_64_TO_32_BIT_CONVERSION = YES;
				GCC_WARN_ABOUT_RETURN_TYPE = YES_ERROR;
				GCC_WARN_UNDECLARED_SELECTOR = YES;
				GCC_WARN_UNINITIALIZED_AUTOS = YES_AGGRESSIVE;
				GCC_WARN_UNUSED_FUNCTION = YES;
				GCC_WARN_UNUSED_VARIABLE = YES;
				MACOSX_DEPLOYMENT_TARGET = 10.15;
				MTL_ENABLE_DEBUG_INFO = NO;
				MTL_FAST_MATH = YES;
				SDKROOT = macosx;
				SWIFT_COMPILATION_MODE = wholemodule;
				SWIFT_OPTIMIZATION_LEVEL = "-O";
			};
			name = Release;
		};
		63F67C51255B7DE100AA2A61 /* Debug */ = {
			isa = XCBuildConfiguration;
			buildSettings = {
				ASSETCATALOG_COMPILER_APPICON_NAME = AppIcon;
				ASSETCATALOG_COMPILER_GLOBAL_ACCENT_COLOR_NAME = AccentColor;
				CODE_SIGN_ENTITLEMENTS = ProgrammaticSourceListExample/ProgrammaticSourceListExample.entitlements;
				CODE_SIGN_STYLE = Automatic;
				COMBINE_HIDPI_IMAGES = YES;
				INFOPLIST_FILE = ProgrammaticSourceListExample/Info.plist;
				LD_RUNPATH_SEARCH_PATHS = (
					"$(inherited)",
					"@executable_path/../Frameworks",
				);
				PRODUCT_BUNDLE_IDENTIFIER = is.dave.ProgrammaticSourceListExample;
				PRODUCT_NAME = "$(TARGET_NAME)";
				SWIFT_VERSION = 5.0;
			};
			name = Debug;
		};
		63F67C52255B7DE100AA2A61 /* Release */ = {
			isa = XCBuildConfiguration;
			buildSettings = {
				ASSETCATALOG_COMPILER_APPICON_NAME = AppIcon;
				ASSETCATALOG_COMPILER_GLOBAL_ACCENT_COLOR_NAME = AccentColor;
				CODE_SIGN_ENTITLEMENTS = ProgrammaticSourceListExample/ProgrammaticSourceListExample.entitlements;
				CODE_SIGN_STYLE = Automatic;
				COMBINE_HIDPI_IMAGES = YES;
				INFOPLIST_FILE = ProgrammaticSourceListExample/Info.plist;
				LD_RUNPATH_SEARCH_PATHS = (
					"$(inherited)",
					"@executable_path/../Frameworks",
				);
				PRODUCT_BUNDLE_IDENTIFIER = is.dave.ProgrammaticSourceListExample;
				PRODUCT_NAME = "$(TARGET_NAME)";
				SWIFT_VERSION = 5.0;
			};
			name = Release;
		};
		63F67C54255B7DE100AA2A61 /* Debug */ = {
			isa = XCBuildConfiguration;
			buildSettings = {
				ALWAYS_EMBED_SWIFT_STANDARD_LIBRARIES = YES;
				BUNDLE_LOADER = "$(TEST_HOST)";
				CODE_SIGN_STYLE = Automatic;
				COMBINE_HIDPI_IMAGES = YES;
				INFOPLIST_FILE = ProgrammaticSourceListExampleTests/Info.plist;
				LD_RUNPATH_SEARCH_PATHS = (
					"$(inherited)",
					"@executable_path/../Frameworks",
					"@loader_path/../Frameworks",
				);
				MACOSX_DEPLOYMENT_TARGET = 10.15;
				PRODUCT_BUNDLE_IDENTIFIER = is.dave.ProgrammaticSourceListExampleTests;
				PRODUCT_NAME = "$(TARGET_NAME)";
				SWIFT_VERSION = 5.0;
				TEST_HOST = "$(BUILT_PRODUCTS_DIR)/ProgrammaticSourceListExample.app/Contents/MacOS/ProgrammaticSourceListExample";
			};
			name = Debug;
		};
		63F67C55255B7DE100AA2A61 /* Release */ = {
			isa = XCBuildConfiguration;
			buildSettings = {
				ALWAYS_EMBED_SWIFT_STANDARD_LIBRARIES = YES;
				BUNDLE_LOADER = "$(TEST_HOST)";
				CODE_SIGN_STYLE = Automatic;
				COMBINE_HIDPI_IMAGES = YES;
				INFOPLIST_FILE = ProgrammaticSourceListExampleTests/Info.plist;
				LD_RUNPATH_SEARCH_PATHS = (
					"$(inherited)",
					"@executable_path/../Frameworks",
					"@loader_path/../Frameworks",
				);
				MACOSX_DEPLOYMENT_TARGET = 10.15;
				PRODUCT_BUNDLE_IDENTIFIER = is.dave.ProgrammaticSourceListExampleTests;
				PRODUCT_NAME = "$(TARGET_NAME)";
				SWIFT_VERSION = 5.0;
				TEST_HOST = "$(BUILT_PRODUCTS_DIR)/ProgrammaticSourceListExample.app/Contents/MacOS/ProgrammaticSourceListExample";
			};
			name = Release;
		};
		63F67C57255B7DE100AA2A61 /* Debug */ = {
			isa = XCBuildConfiguration;
			buildSettings = {
				ALWAYS_EMBED_SWIFT_STANDARD_LIBRARIES = YES;
				CODE_SIGN_STYLE = Automatic;
				COMBINE_HIDPI_IMAGES = YES;
				INFOPLIST_FILE = ProgrammaticSourceListExampleUITests/Info.plist;
				LD_RUNPATH_SEARCH_PATHS = (
					"$(inherited)",
					"@executable_path/../Frameworks",
					"@loader_path/../Frameworks",
				);
				PRODUCT_BUNDLE_IDENTIFIER = is.dave.ProgrammaticSourceListExampleUITests;
				PRODUCT_NAME = "$(TARGET_NAME)";
				SWIFT_VERSION = 5.0;
				TEST_TARGET_NAME = ProgrammaticSourceListExample;
			};
			name = Debug;
		};
		63F67C58255B7DE100AA2A61 /* Release */ = {
			isa = XCBuildConfiguration;
			buildSettings = {
				ALWAYS_EMBED_SWIFT_STANDARD_LIBRARIES = YES;
				CODE_SIGN_STYLE = Automatic;
				COMBINE_HIDPI_IMAGES = YES;
				INFOPLIST_FILE = ProgrammaticSourceListExampleUITests/Info.plist;
				LD_RUNPATH_SEARCH_PATHS = (
					"$(inherited)",
					"@executable_path/../Frameworks",
					"@loader_path/../Frameworks",
				);
				PRODUCT_BUNDLE_IDENTIFIER = is.dave.ProgrammaticSourceListExampleUITests;
				PRODUCT_NAME = "$(TARGET_NAME)";
				SWIFT_VERSION = 5.0;
				TEST_TARGET_NAME = ProgrammaticSourceListExample;
			};
			name = Release;
		};
/* End XCBuildConfiguration section */

/* Begin XCConfigurationList section */
		63F67C27255B7DDE00AA2A61 /* Build configuration list for PBXProject "ProgrammaticSourceListExample" */ = {
			isa = XCConfigurationList;
			buildConfigurations = (
				63F67C4E255B7DE100AA2A61 /* Debug */,
				63F67C4F255B7DE100AA2A61 /* Release */,
			);
			defaultConfigurationIsVisible = 0;
			defaultConfigurationName = Release;
		};
		63F67C50255B7DE100AA2A61 /* Build configuration list for PBXNativeTarget "ProgrammaticSourceListExample" */ = {
			isa = XCConfigurationList;
			buildConfigurations = (
				63F67C51255B7DE100AA2A61 /* Debug */,
				63F67C52255B7DE100AA2A61 /* Release */,
			);
			defaultConfigurationIsVisible = 0;
			defaultConfigurationName = Release;
		};
		63F67C53255B7DE100AA2A61 /* Build configuration list for PBXNativeTarget "ProgrammaticSourceListExampleTests" */ = {
			isa = XCConfigurationList;
			buildConfigurations = (
				63F67C54255B7DE100AA2A61 /* Debug */,
				63F67C55255B7DE100AA2A61 /* Release */,
			);
			defaultConfigurationIsVisible = 0;
			defaultConfigurationName = Release;
		};
		63F67C56255B7DE100AA2A61 /* Build configuration list for PBXNativeTarget "ProgrammaticSourceListExampleUITests" */ = {
			isa = XCConfigurationList;
			buildConfigurations = (
				63F67C57255B7DE100AA2A61 /* Debug */,
				63F67C58255B7DE100AA2A61 /* Release */,
			);
			defaultConfigurationIsVisible = 0;
			defaultConfigurationName = Release;
		};
/* End XCConfigurationList section */
	};
	rootObject = 63F67C24255B7DDE00AA2A61 /* Project object */;
}
